{
  "name": "promptlab-studio",
  "version": "0.0.0",
  "lockfileVersion": 3,
  "requires": true,
  "packages": {
    "": {
      "name": "promptlab-studio",
      "version": "0.0.0",
      "dependencies": {
        "react": "^18.3.1",
        "react-dom": "^18.3.1"
      },
      "devDependencies": {
        "@types/react": "^18.3.12",
        "@types/react-dom": "^18.3.1",
        "@vitejs/plugin-react": "4.3.2",
        "vite": "^5.4.1"
      }
    }
  },
  "dependencies": {
    "@types/react": {
      "version": "18.3.12"
    },
    "@types/react-dom": {
      "version": "18.3.1"
    },
    "@vitejs/plugin-react": {
      "version": "4.3.2"
    },
    "react": {
      "version": "18.3.1"
    },
    "react-dom": {
      "version": "18.3.1",
      "requires": {
        "react": "18.3.1"
      }
    },
    "vite": {
      "version": "5.4.1"
    }
  }
}
